
Microsoft Visual Studio Solution File, Format Version 12.00
# Visual Studio Version 16
VisualStudioVersion = 16.0.30204.135
MinimumVisualStudioVersion = 10.0.40219.1
Project("{FAE04EC0-301F-11D3-BF4B-00C04F79EFBC}") = "LAB__13", "LAB__13.csproj", "{54661547-FA74-4172-B3B4-D1D84104A629}"
EndProject
Global
	GlobalSection(SolutionConfigurationPlatforms) = preSolution
		Debug|Any CPU = Debug|Any CPU
		Release|Any CPU = Release|Any CPU
	EndGlobalSection
	GlobalSection(ProjectConfigurationPlatforms) = postSolution
		{54661547-FA74-4172-B3B4-D1D84104A629}.Debug|Any CPU.ActiveCfg = Debug|Any CPU
		{54661547-FA74-4172-B3B4-D1D84104A629}.Debug|Any CPU.Build.0 = Debug|Any CPU
		{54661547-FA74-4172-B3B4-D1D84104A629}.Release|Any CPU.ActiveCfg = Release|Any CPU
		{54661547-FA74-4172-B3B4-D1D84104A629}.Release|Any CPU.Build.0 = Release|Any CPU
	EndGlobalSection
	GlobalSection(SolutionProperties) = preSolution
		HideSolutionNode = FALSE
	EndGlobalSection
	GlobalSection(ExtensibilityGlobals) = postSolution
		SolutionGuid = {D4C1CDE3-B86C-4E51-A107-C8C4D5735036}
	EndGlobalSection
EndGlobal
