
Microsoft Visual Studio Solution File, Format Version 12.00
# Visual Studio Version 16
VisualStudioVersion = 16.0.30204.135
MinimumVisualStudioVersion = 10.0.40219.1
Project("{FAE04EC0-301F-11D3-BF4B-00C04F79EFBC}") = "LAB__11", "LAB__11.csproj", "{7CADC95C-41B5-4FE6-AF8F-1D8BB5DEE0D7}"
EndProject
Global
	GlobalSection(SolutionConfigurationPlatforms) = preSolution
		Debug|Any CPU = Debug|Any CPU
		Release|Any CPU = Release|Any CPU
	EndGlobalSection
	GlobalSection(ProjectConfigurationPlatforms) = postSolution
		{7CADC95C-41B5-4FE6-AF8F-1D8BB5DEE0D7}.Debug|Any CPU.ActiveCfg = Debug|Any CPU
		{7CADC95C-41B5-4FE6-AF8F-1D8BB5DEE0D7}.Debug|Any CPU.Build.0 = Debug|Any CPU
		{7CADC95C-41B5-4FE6-AF8F-1D8BB5DEE0D7}.Release|Any CPU.ActiveCfg = Release|Any CPU
		{7CADC95C-41B5-4FE6-AF8F-1D8BB5DEE0D7}.Release|Any CPU.Build.0 = Release|Any CPU
	EndGlobalSection
	GlobalSection(SolutionProperties) = preSolution
		HideSolutionNode = FALSE
	EndGlobalSection
	GlobalSection(ExtensibilityGlobals) = postSolution
		SolutionGuid = {57ADFCA7-0B1E-4792-BF18-9A6ECD59B638}
	EndGlobalSection
EndGlobal
