
Microsoft Visual Studio Solution File, Format Version 12.00
# Visual Studio Version 16
VisualStudioVersion = 16.0.29201.188
MinimumVisualStudioVersion = 10.0.40219.1
Project("{FAE04EC0-301F-11D3-BF4B-00C04F79EFBC}") = "LAB__19", "LAB__19.csproj", "{58346285-6704-4EB7-BDBA-A7ED37B33D69}"
EndProject
Global
	GlobalSection(SolutionConfigurationPlatforms) = preSolution
		Debug|Any CPU = Debug|Any CPU
		Release|Any CPU = Release|Any CPU
	EndGlobalSection
	GlobalSection(ProjectConfigurationPlatforms) = postSolution
		{58346285-6704-4EB7-BDBA-A7ED37B33D69}.Debug|Any CPU.ActiveCfg = Debug|Any CPU
		{58346285-6704-4EB7-BDBA-A7ED37B33D69}.Debug|Any CPU.Build.0 = Debug|Any CPU
		{58346285-6704-4EB7-BDBA-A7ED37B33D69}.Release|Any CPU.ActiveCfg = Release|Any CPU
		{58346285-6704-4EB7-BDBA-A7ED37B33D69}.Release|Any CPU.Build.0 = Release|Any CPU
	EndGlobalSection
	GlobalSection(SolutionProperties) = preSolution
		HideSolutionNode = FALSE
	EndGlobalSection
	GlobalSection(ExtensibilityGlobals) = postSolution
		SolutionGuid = {A7409143-3B22-4DDB-8448-BD68191B53D9}
	EndGlobalSection
EndGlobal
