
Microsoft Visual Studio Solution File, Format Version 12.00
# Visual Studio Version 16
VisualStudioVersion = 16.0.30204.135
MinimumVisualStudioVersion = 10.0.40219.1
Project("{FAE04EC0-301F-11D3-BF4B-00C04F79EFBC}") = "LAB_5", "LAB_5.csproj", "{09C8CB71-67FD-42CA-8BCF-B0D450BC91F4}"
EndProject
Global
	GlobalSection(SolutionConfigurationPlatforms) = preSolution
		Debug|Any CPU = Debug|Any CPU
		Release|Any CPU = Release|Any CPU
	EndGlobalSection
	GlobalSection(ProjectConfigurationPlatforms) = postSolution
		{09C8CB71-67FD-42CA-8BCF-B0D450BC91F4}.Debug|Any CPU.ActiveCfg = Debug|Any CPU
		{09C8CB71-67FD-42CA-8BCF-B0D450BC91F4}.Debug|Any CPU.Build.0 = Debug|Any CPU
		{09C8CB71-67FD-42CA-8BCF-B0D450BC91F4}.Release|Any CPU.ActiveCfg = Release|Any CPU
		{09C8CB71-67FD-42CA-8BCF-B0D450BC91F4}.Release|Any CPU.Build.0 = Release|Any CPU
	EndGlobalSection
	GlobalSection(SolutionProperties) = preSolution
		HideSolutionNode = FALSE
	EndGlobalSection
	GlobalSection(ExtensibilityGlobals) = postSolution
		SolutionGuid = {15B21B6A-6DB1-41F0-8B43-45005E72ADFF}
	EndGlobalSection
EndGlobal
